
Microsoft Visual Studio Solution File, Format Version 12.00
# Visual Studio Version 17
VisualStudioVersion = 17.3.32804.467
MinimumVisualStudioVersion = 10.0.40219.1
Project("{FAE04EC0-301F-11D3-BF4B-00C04F79EFBC}") = "LangEnhancement", "LangEnhancement\LangEnhancement.csproj", "{26596042-536E-4BB1-9F47-8E3769DE3781}"
EndProject
Global
	GlobalSection(SolutionConfigurationPlatforms) = preSolution
		Debug|Any CPU = Debug|Any CPU
		Release|Any CPU = Release|Any CPU
	EndGlobalSection
	GlobalSection(ProjectConfigurationPlatforms) = postSolution
		{26596042-536E-4BB1-9F47-8E3769DE3781}.Debug|Any CPU.ActiveCfg = Debug|Any CPU
		{26596042-536E-4BB1-9F47-8E3769DE3781}.Debug|Any CPU.Build.0 = Debug|Any CPU
		{26596042-536E-4BB1-9F47-8E3769DE3781}.Release|Any CPU.ActiveCfg = Release|Any CPU
		{26596042-536E-4BB1-9F47-8E3769DE3781}.Release|Any CPU.Build.0 = Release|Any CPU
	EndGlobalSection
	GlobalSection(SolutionProperties) = preSolution
		HideSolutionNode = FALSE
	EndGlobalSection
	GlobalSection(ExtensibilityGlobals) = postSolution
		SolutionGuid = {30A89B19-9AB0-4D2B-95E3-E501C39F0EB3}
	EndGlobalSection
EndGlobal
